
Microsoft Visual Studio Solution File, Format Version 11.00
# Visual Studio 2010
Project("{FAE04EC0-301F-11D3-BF4B-00C04F79EFBC}") = "Assembly-CSharp", "Assembly-CSharp.csproj", "{45a67dff-ab57-8a84-7adc-06c1bd18115a}"
EndProject
Project("{FAE04EC0-301F-11D3-BF4B-00C04F79EFBC}") = "Assembly-CSharp-Editor", "Assembly-CSharp-Editor.csproj", "{5511b27f-c6b1-3641-bf3a-5df050d3b91d}"
EndProject
Global
	GlobalSection(SolutionConfigurationPlatforms) = preSolution
		Debug|Any CPU = Debug|Any CPU
	EndGlobalSection
	GlobalSection(ProjectConfigurationPlatforms) = postSolution
		{45a67dff-ab57-8a84-7adc-06c1bd18115a}.Debug|Any CPU.ActiveCfg = Debug|Any CPU
		{45a67dff-ab57-8a84-7adc-06c1bd18115a}.Debug|Any CPU.Build.0 = Debug|Any CPU
		{5511b27f-c6b1-3641-bf3a-5df050d3b91d}.Debug|Any CPU.ActiveCfg = Debug|Any CPU
		{5511b27f-c6b1-3641-bf3a-5df050d3b91d}.Debug|Any CPU.Build.0 = Debug|Any CPU
	EndGlobalSection
	GlobalSection(SolutionProperties) = preSolution
		HideSolutionNode = FALSE
	EndGlobalSection
EndGlobal
