
Microsoft Visual Studio Solution File, Format Version 11.00
# Visual Studio 2010
Project("{FAE04EC0-301F-11D3-BF4B-00C04F79EFBC}") = "GPUInstancer.CrowdAnimations", "GPUInstancer.CrowdAnimations.csproj", "{e46a4d61-1777-72dd-a280-17cda9a9171b}"
EndProject
Project("{FAE04EC0-301F-11D3-BF4B-00C04F79EFBC}") = "Assembly-CSharp", "Assembly-CSharp.csproj", "{d36b8ad7-4bde-4988-3ced-476610b62158}"
EndProject
Project("{FAE04EC0-301F-11D3-BF4B-00C04F79EFBC}") = "GPUInstancer", "GPUInstancer.csproj", "{6f33f2b7-7ac8-a8ee-48cc-43fa5be440f8}"
EndProject
Project("{FAE04EC0-301F-11D3-BF4B-00C04F79EFBC}") = "GPUInstancer.Editor", "GPUInstancer.Editor.csproj", "{af59b9b7-cb32-b5d8-0fcd-b6d7885c13ca}"
EndProject
Project("{FAE04EC0-301F-11D3-BF4B-00C04F79EFBC}") = "GPUInstancer.CrowdAnimations.Editor", "GPUInstancer.CrowdAnimations.Editor.csproj", "{c1b6ad97-ba73-9d36-dbfe-893599046a54}"
EndProject
Project("{FAE04EC0-301F-11D3-BF4B-00C04F79EFBC}") = "Assembly-CSharp-Editor", "Assembly-CSharp-Editor.csproj", "{b093fe95-8d41-3446-4ec7-b67580f2bed2}"
EndProject
Global
	GlobalSection(SolutionConfigurationPlatforms) = preSolution
		Debug|Any CPU = Debug|Any CPU
	EndGlobalSection
	GlobalSection(ProjectConfigurationPlatforms) = postSolution
		{e46a4d61-1777-72dd-a280-17cda9a9171b}.Debug|Any CPU.ActiveCfg = Debug|Any CPU
		{e46a4d61-1777-72dd-a280-17cda9a9171b}.Debug|Any CPU.Build.0 = Debug|Any CPU
		{d36b8ad7-4bde-4988-3ced-476610b62158}.Debug|Any CPU.ActiveCfg = Debug|Any CPU
		{d36b8ad7-4bde-4988-3ced-476610b62158}.Debug|Any CPU.Build.0 = Debug|Any CPU
		{6f33f2b7-7ac8-a8ee-48cc-43fa5be440f8}.Debug|Any CPU.ActiveCfg = Debug|Any CPU
		{6f33f2b7-7ac8-a8ee-48cc-43fa5be440f8}.Debug|Any CPU.Build.0 = Debug|Any CPU
		{af59b9b7-cb32-b5d8-0fcd-b6d7885c13ca}.Debug|Any CPU.ActiveCfg = Debug|Any CPU
		{af59b9b7-cb32-b5d8-0fcd-b6d7885c13ca}.Debug|Any CPU.Build.0 = Debug|Any CPU
		{c1b6ad97-ba73-9d36-dbfe-893599046a54}.Debug|Any CPU.ActiveCfg = Debug|Any CPU
		{c1b6ad97-ba73-9d36-dbfe-893599046a54}.Debug|Any CPU.Build.0 = Debug|Any CPU
		{b093fe95-8d41-3446-4ec7-b67580f2bed2}.Debug|Any CPU.ActiveCfg = Debug|Any CPU
		{b093fe95-8d41-3446-4ec7-b67580f2bed2}.Debug|Any CPU.Build.0 = Debug|Any CPU
	EndGlobalSection
	GlobalSection(SolutionProperties) = preSolution
		HideSolutionNode = FALSE
	EndGlobalSection
EndGlobal
